Microsoft Visual Studio Solution File, Format Version 12.00
# Visual Studio Version 16
VisualStudioVersion = 16.0.30225.117
MinimumVisualStudioVersion = 10.0.40219.1
Project("{9A19103F-16F7-4668-BE54-9A1E7A4F7556}") = "HTML WebsiteBuild", "InClass2_Exercise_API\HTML WebsiteBuild.csproj", "{8FA6F1AB-1BC0-450E-A746-61F57CABDA7D}"
EndProject
Global
	GlobalSection(SolutionConfigurationPlatforms) = preSolution
		Debug|Any CPU = Debug|Any CPU
		Release|Any CPU = Release|Any CPU
	EndGlobalSection
	GlobalSection(ProjectConfigurationPlatforms) = postSolution
		{8FA6F1AB-1BC0-450E-A746-61F57CABDA7D}.Debug|Any CPU.ActiveCfg = Debug|Any CPU
		{8FA6F1AB-1BC0-450E-A746-61F57CABDA7D}.Debug|Any CPU.Build.0 = Debug|Any CPU
		{8FA6F1AB-1BC0-450E-A746-61F57CABDA7D}.Release|Any CPU.ActiveCfg = Release|Any CPU
		{8FA6F1AB-1BC0-450E-A746-61F57CABDA7D}.Release|Any CPU.Build.0 = Release|Any CPU
	EndGlobalSection
	GlobalSection(SolutionProperties) = preSolution
		HideSolutionNode = FALSE
	EndGlobalSection
	GlobalSection(ExtensibilityGlobals) = postSolution
		SolutionGuid = {7AE1697E-9A02-4BA9-90F1-8F73DC70B1A7}
	EndGlobalSection
EndGlobal
